
Microsoft Visual Studio Solution File, Format Version 12.00
# Visual Studio Version 16
VisualStudioVersion = 16.0.30611.23
MinimumVisualStudioVersion = 10.0.40219.1
Project("{FAE04EC0-301F-11D3-BF4B-00C04F79EFBC}") = "ChatConsoleApp", "ChatConsoleApp.csproj", "{42363E57-9281-48D2-A0C3-9F6536567CC4}"
EndProject
Global
	GlobalSection(SolutionConfigurationPlatforms) = preSolution
		Debug|Any CPU = Debug|Any CPU
		Release|Any CPU = Release|Any CPU
	EndGlobalSection
	GlobalSection(ProjectConfigurationPlatforms) = postSolution
		{42363E57-9281-48D2-A0C3-9F6536567CC4}.Debug|Any CPU.ActiveCfg = Debug|Any CPU
		{42363E57-9281-48D2-A0C3-9F6536567CC4}.Debug|Any CPU.Build.0 = Debug|Any CPU
		{42363E57-9281-48D2-A0C3-9F6536567CC4}.Release|Any CPU.ActiveCfg = Release|Any CPU
		{42363E57-9281-48D2-A0C3-9F6536567CC4}.Release|Any CPU.Build.0 = Release|Any CPU
	EndGlobalSection
	GlobalSection(SolutionProperties) = preSolution
		HideSolutionNode = FALSE
	EndGlobalSection
	GlobalSection(ExtensibilityGlobals) = postSolution
		SolutionGuid = {A41D503C-E438-4611-BEA3-F56EA6101FCF}
	EndGlobalSection
EndGlobal
